
Microsoft Visual Studio Solution File, Format Version 12.00
# Visual Studio Version 16
VisualStudioVersion = 16.0.29519.181
MinimumVisualStudioVersion = 10.0.40219.1
Project("{9A19103F-16F7-4668-BE54-9A1E7A4F7556}") = "ExpenseReport.Comparison.Csv", "ExpenseReport.Comparison.Csv\ExpenseReport.Comparison.Csv.csproj", "{73506D46-7642-417E-A1C3-E270782A64F9}"
EndProject
Project("{9A19103F-16F7-4668-BE54-9A1E7A4F7556}") = "ExpenseReport.Comparison", "ExpenseReport.Comparison\ExpenseReport.Comparison.csproj", "{EF90DCB5-077D-4A58-A5C5-8A27DD8032D0}"
EndProject
Project("{9A19103F-16F7-4668-BE54-9A1E7A4F7556}") = "ExpenseReport.Comparison.Tests", "ExpenseReport.Comparison.Tests\ExpenseReport.Comparison.Tests.csproj", "{00985E11-F953-4B81-8B68-6A1DA6917B65}"
EndProject
Project("{9A19103F-16F7-4668-BE54-9A1E7A4F7556}") = "Csv", "Csv\Csv.csproj", "{86AFF9CE-4424-4B77-A306-E180050B47D9}"
EndProject
Project("{9A19103F-16F7-4668-BE54-9A1E7A4F7556}") = "Csv.Tests", "Csv.Tests\Csv.Tests.csproj", "{FAE03678-9391-48EF-BB72-FC3CC270DC04}"
EndProject
Project("{9A19103F-16F7-4668-BE54-9A1E7A4F7556}") = "ExpenseReportComparer.Cmd", "ExpenseReportComparer.Cmd\ExpenseReportComparer.Cmd.csproj", "{12127906-5B01-4DF6-9801-8F484E3E2DEA}"
EndProject
Project("{9A19103F-16F7-4668-BE54-9A1E7A4F7556}") = "Cmd", "Andy.Cmd\Cmd.csproj", "{DA8C551D-E4DB-472E-B206-97DE1E4FD617}"
EndProject
Project("{9A19103F-16F7-4668-BE54-9A1E7A4F7556}") = "CsvTransformer", "CsvTransformer\CsvTransformer.csproj", "{E29687C7-0890-41C7-9AC1-A19C7A87DA59}"
EndProject
Project("{9A19103F-16F7-4668-BE54-9A1E7A4F7556}") = "Csv.Transformation.Tests", "Csv.Transformation.Tests\Csv.Transformation.Tests.csproj", "{93A23C6C-B3F8-4ADE-9B76-DCCA92B5808F}"
EndProject
Project("{9A19103F-16F7-4668-BE54-9A1E7A4F7556}") = "Csv.Transformation", "Csv.Transformation\Csv.Transformation.csproj", "{4DDF751B-CCAB-4C14-BF8C-BE29F0ED922F}"
EndProject
Project("{9A19103F-16F7-4668-BE54-9A1E7A4F7556}") = "Collections", "Collections\Collections\Collections.csproj", "{959DC3AD-1357-40F3-9819-D9EC8FD10FFA}"
EndProject
Project("{9A19103F-16F7-4668-BE54-9A1E7A4F7556}") = "Collections.Tests", "Collections\Collections.Tests\Collections.Tests.csproj", "{31CEC863-7993-4094-BEB2-E7EC0FB62ABE}"
EndProject
Project("{2150E333-8FDC-42A3-9474-1A3956D46DE8}") = "Common", "Common", "{4DA95344-0FBE-4065-BC20-EFB9E3E260DE}"
EndProject
Project("{9A19103F-16F7-4668-BE54-9A1E7A4F7556}") = "TestUtils", "TestUtils\TestUtils.csproj", "{CF74E1CB-B782-41B1-8197-7F3A6647D864}"
EndProject
Project("{9A19103F-16F7-4668-BE54-9A1E7A4F7556}") = "Csv.Transformation.Transformers.Core", "Csv.Transformation.Transformers.Core\Csv.Transformation.Transformers.Core.csproj", "{3DF1FFE6-C4E4-40A4-8B22-1324EB8D3118}"
EndProject
Project("{9A19103F-16F7-4668-BE54-9A1E7A4F7556}") = "Csv.Transformation.Transformers.Custom", "Csv.Transformation.Transformers.Custom\Csv.Transformation.Transformers.Custom.csproj", "{BD68C0E1-C80E-424B-8653-F7E69438FADA}"
EndProject
Project("{9A19103F-16F7-4668-BE54-9A1E7A4F7556}") = "Csv.Transformation.Transformers.Core.Tests", "Csv.Transformation.Transformers.Core.Tests\Csv.Transformation.Transformers.Core.Tests.csproj", "{A9EB7A82-4F99-4B31-8D37-4386D793F6D2}"
EndProject
Project("{9A19103F-16F7-4668-BE54-9A1E7A4F7556}") = "Csv.Transformation.Transformers.Custom.Tests", "Csv.Transformation.Transformers.Custom.Tests\Csv.Transformation.Transformers.Custom.Tests.csproj", "{004E0024-129E-46E2-A35F-B654977A94F8}"
EndProject
Project("{9A19103F-16F7-4668-BE54-9A1E7A4F7556}") = "CsvTransformer.Setup", "CsvTransformer.Setup\CsvTransformer.Setup.csproj", "{0CAA765B-1624-40B0-B5BC-F9456D54EC14}"
EndProject
Global
	GlobalSection(SolutionConfigurationPlatforms) = preSolution
		Debug|Any CPU = Debug|Any CPU
		Release|Any CPU = Release|Any CPU
	EndGlobalSection
	GlobalSection(ProjectConfigurationPlatforms) = postSolution
		{73506D46-7642-417E-A1C3-E270782A64F9}.Debug|Any CPU.ActiveCfg = Debug|Any CPU
		{73506D46-7642-417E-A1C3-E270782A64F9}.Debug|Any CPU.Build.0 = Debug|Any CPU
		{73506D46-7642-417E-A1C3-E270782A64F9}.Release|Any CPU.ActiveCfg = Release|Any CPU
		{73506D46-7642-417E-A1C3-E270782A64F9}.Release|Any CPU.Build.0 = Release|Any CPU
		{EF90DCB5-077D-4A58-A5C5-8A27DD8032D0}.Debug|Any CPU.ActiveCfg = Debug|Any CPU
		{EF90DCB5-077D-4A58-A5C5-8A27DD8032D0}.Debug|Any CPU.Build.0 = Debug|Any CPU
		{EF90DCB5-077D-4A58-A5C5-8A27DD8032D0}.Release|Any CPU.ActiveCfg = Release|Any CPU
		{EF90DCB5-077D-4A58-A5C5-8A27DD8032D0}.Release|Any CPU.Build.0 = Release|Any CPU
		{00985E11-F953-4B81-8B68-6A1DA6917B65}.Debug|Any CPU.ActiveCfg = Debug|Any CPU
		{00985E11-F953-4B81-8B68-6A1DA6917B65}.Debug|Any CPU.Build.0 = Debug|Any CPU
		{00985E11-F953-4B81-8B68-6A1DA6917B65}.Release|Any CPU.ActiveCfg = Release|Any CPU
		{00985E11-F953-4B81-8B68-6A1DA6917B65}.Release|Any CPU.Build.0 = Release|Any CPU
		{86AFF9CE-4424-4B77-A306-E180050B47D9}.Debug|Any CPU.ActiveCfg = Debug|Any CPU
		{86AFF9CE-4424-4B77-A306-E180050B47D9}.Debug|Any CPU.Build.0 = Debug|Any CPU
		{86AFF9CE-4424-4B77-A306-E180050B47D9}.Release|Any CPU.ActiveCfg = Release|Any CPU
		{86AFF9CE-4424-4B77-A306-E180050B47D9}.Release|Any CPU.Build.0 = Release|Any CPU
		{FAE03678-9391-48EF-BB72-FC3CC270DC04}.Debug|Any CPU.ActiveCfg = Debug|Any CPU
		{FAE03678-9391-48EF-BB72-FC3CC270DC04}.Debug|Any CPU.Build.0 = Debug|Any CPU
		{FAE03678-9391-48EF-BB72-FC3CC270DC04}.Release|Any CPU.ActiveCfg = Release|Any CPU
		{FAE03678-9391-48EF-BB72-FC3CC270DC04}.Release|Any CPU.Build.0 = Release|Any CPU
		{12127906-5B01-4DF6-9801-8F484E3E2DEA}.Debug|Any CPU.ActiveCfg = Debug|Any CPU
		{12127906-5B01-4DF6-9801-8F484E3E2DEA}.Debug|Any CPU.Build.0 = Debug|Any CPU
		{12127906-5B01-4DF6-9801-8F484E3E2DEA}.Release|Any CPU.ActiveCfg = Release|Any CPU
		{12127906-5B01-4DF6-9801-8F484E3E2DEA}.Release|Any CPU.Build.0 = Release|Any CPU
		{DA8C551D-E4DB-472E-B206-97DE1E4FD617}.Debug|Any CPU.ActiveCfg = Debug|Any CPU
		{DA8C551D-E4DB-472E-B206-97DE1E4FD617}.Debug|Any CPU.Build.0 = Debug|Any CPU
		{DA8C551D-E4DB-472E-B206-97DE1E4FD617}.Release|Any CPU.ActiveCfg = Release|Any CPU
		{DA8C551D-E4DB-472E-B206-97DE1E4FD617}.Release|Any CPU.Build.0 = Release|Any CPU
		{E29687C7-0890-41C7-9AC1-A19C7A87DA59}.Debug|Any CPU.ActiveCfg = Debug|Any CPU
		{E29687C7-0890-41C7-9AC1-A19C7A87DA59}.Debug|Any CPU.Build.0 = Debug|Any CPU
		{E29687C7-0890-41C7-9AC1-A19C7A87DA59}.Release|Any CPU.ActiveCfg = Release|Any CPU
		{E29687C7-0890-41C7-9AC1-A19C7A87DA59}.Release|Any CPU.Build.0 = Release|Any CPU
		{93A23C6C-B3F8-4ADE-9B76-DCCA92B5808F}.Debug|Any CPU.ActiveCfg = Debug|Any CPU
		{93A23C6C-B3F8-4ADE-9B76-DCCA92B5808F}.Debug|Any CPU.Build.0 = Debug|Any CPU
		{93A23C6C-B3F8-4ADE-9B76-DCCA92B5808F}.Release|Any CPU.ActiveCfg = Release|Any CPU
		{93A23C6C-B3F8-4ADE-9B76-DCCA92B5808F}.Release|Any CPU.Build.0 = Release|Any CPU
		{4DDF751B-CCAB-4C14-BF8C-BE29F0ED922F}.Debug|Any CPU.ActiveCfg = Debug|Any CPU
		{4DDF751B-CCAB-4C14-BF8C-BE29F0ED922F}.Debug|Any CPU.Build.0 = Debug|Any CPU
		{4DDF751B-CCAB-4C14-BF8C-BE29F0ED922F}.Release|Any CPU.ActiveCfg = Release|Any CPU
		{4DDF751B-CCAB-4C14-BF8C-BE29F0ED922F}.Release|Any CPU.Build.0 = Release|Any CPU
		{959DC3AD-1357-40F3-9819-D9EC8FD10FFA}.Debug|Any CPU.ActiveCfg = Debug|Any CPU
		{959DC3AD-1357-40F3-9819-D9EC8FD10FFA}.Debug|Any CPU.Build.0 = Debug|Any CPU
		{959DC3AD-1357-40F3-9819-D9EC8FD10FFA}.Release|Any CPU.ActiveCfg = Release|Any CPU
		{959DC3AD-1357-40F3-9819-D9EC8FD10FFA}.Release|Any CPU.Build.0 = Release|Any CPU
		{31CEC863-7993-4094-BEB2-E7EC0FB62ABE}.Debug|Any CPU.ActiveCfg = Debug|Any CPU
		{31CEC863-7993-4094-BEB2-E7EC0FB62ABE}.Debug|Any CPU.Build.0 = Debug|Any CPU
		{31CEC863-7993-4094-BEB2-E7EC0FB62ABE}.Release|Any CPU.ActiveCfg = Release|Any CPU
		{31CEC863-7993-4094-BEB2-E7EC0FB62ABE}.Release|Any CPU.Build.0 = Release|Any CPU
		{CF74E1CB-B782-41B1-8197-7F3A6647D864}.Debug|Any CPU.ActiveCfg = Debug|Any CPU
		{CF74E1CB-B782-41B1-8197-7F3A6647D864}.Debug|Any CPU.Build.0 = Debug|Any CPU
		{CF74E1CB-B782-41B1-8197-7F3A6647D864}.Release|Any CPU.ActiveCfg = Release|Any CPU
		{CF74E1CB-B782-41B1-8197-7F3A6647D864}.Release|Any CPU.Build.0 = Release|Any CPU
		{3DF1FFE6-C4E4-40A4-8B22-1324EB8D3118}.Debug|Any CPU.ActiveCfg = Debug|Any CPU
		{3DF1FFE6-C4E4-40A4-8B22-1324EB8D3118}.Debug|Any CPU.Build.0 = Debug|Any CPU
		{3DF1FFE6-C4E4-40A4-8B22-1324EB8D3118}.Release|Any CPU.ActiveCfg = Release|Any CPU
		{3DF1FFE6-C4E4-40A4-8B22-1324EB8D3118}.Release|Any CPU.Build.0 = Release|Any CPU
		{BD68C0E1-C80E-424B-8653-F7E69438FADA}.Debug|Any CPU.ActiveCfg = Debug|Any CPU
		{BD68C0E1-C80E-424B-8653-F7E69438FADA}.Debug|Any CPU.Build.0 = Debug|Any CPU
		{BD68C0E1-C80E-424B-8653-F7E69438FADA}.Release|Any CPU.ActiveCfg = Release|Any CPU
		{BD68C0E1-C80E-424B-8653-F7E69438FADA}.Release|Any CPU.Build.0 = Release|Any CPU
		{A9EB7A82-4F99-4B31-8D37-4386D793F6D2}.Debug|Any CPU.ActiveCfg = Debug|Any CPU
		{A9EB7A82-4F99-4B31-8D37-4386D793F6D2}.Debug|Any CPU.Build.0 = Debug|Any CPU
		{A9EB7A82-4F99-4B31-8D37-4386D793F6D2}.Release|Any CPU.ActiveCfg = Release|Any CPU
		{A9EB7A82-4F99-4B31-8D37-4386D793F6D2}.Release|Any CPU.Build.0 = Release|Any CPU
		{004E0024-129E-46E2-A35F-B654977A94F8}.Debug|Any CPU.ActiveCfg = Debug|Any CPU
		{004E0024-129E-46E2-A35F-B654977A94F8}.Debug|Any CPU.Build.0 = Debug|Any CPU
		{004E0024-129E-46E2-A35F-B654977A94F8}.Release|Any CPU.ActiveCfg = Release|Any CPU
		{004E0024-129E-46E2-A35F-B654977A94F8}.Release|Any CPU.Build.0 = Release|Any CPU
		{0CAA765B-1624-40B0-B5BC-F9456D54EC14}.Debug|Any CPU.ActiveCfg = Debug|Any CPU
		{0CAA765B-1624-40B0-B5BC-F9456D54EC14}.Debug|Any CPU.Build.0 = Debug|Any CPU
		{0CAA765B-1624-40B0-B5BC-F9456D54EC14}.Release|Any CPU.ActiveCfg = Release|Any CPU
		{0CAA765B-1624-40B0-B5BC-F9456D54EC14}.Release|Any CPU.Build.0 = Release|Any CPU
	EndGlobalSection
	GlobalSection(SolutionProperties) = preSolution
		HideSolutionNode = FALSE
	EndGlobalSection
	GlobalSection(NestedProjects) = preSolution
		{959DC3AD-1357-40F3-9819-D9EC8FD10FFA} = {4DA95344-0FBE-4065-BC20-EFB9E3E260DE}
		{31CEC863-7993-4094-BEB2-E7EC0FB62ABE} = {4DA95344-0FBE-4065-BC20-EFB9E3E260DE}
	EndGlobalSection
	GlobalSection(ExtensibilityGlobals) = postSolution
		SolutionGuid = {CDB37F9B-1864-4809-8D84-F75F0E780923}
	EndGlobalSection
EndGlobal
