
Microsoft Visual Studio Solution File, Format Version 12.00
# Visual Studio Version 16
VisualStudioVersion = 16.0.29519.181
MinimumVisualStudioVersion = 10.0.40219.1
Project("{FAE04EC0-301F-11D3-BF4B-00C04F79EFBC}") = "ExpenseReportVerifier", "ExpenseReportVerifier\ExpenseReportVerifier.csproj", "{73506D46-7642-417E-A1C3-E270782A64F9}"
EndProject
Project("{FAE04EC0-301F-11D3-BF4B-00C04F79EFBC}") = "ExpenseReportVerifier.Tests", "ExpenseReportVerifier.Tests\ExpenseReportVerifier.Tests.csproj", "{00985E11-F953-4B81-8B68-6A1DA6917B65}"
EndProject
Global
	GlobalSection(SolutionConfigurationPlatforms) = preSolution
		Debug|Any CPU = Debug|Any CPU
		Release|Any CPU = Release|Any CPU
	EndGlobalSection
	GlobalSection(ProjectConfigurationPlatforms) = postSolution
		{73506D46-7642-417E-A1C3-E270782A64F9}.Debug|Any CPU.ActiveCfg = Debug|Any CPU
		{73506D46-7642-417E-A1C3-E270782A64F9}.Debug|Any CPU.Build.0 = Debug|Any CPU
		{73506D46-7642-417E-A1C3-E270782A64F9}.Release|Any CPU.ActiveCfg = Release|Any CPU
		{73506D46-7642-417E-A1C3-E270782A64F9}.Release|Any CPU.Build.0 = Release|Any CPU
		{00985E11-F953-4B81-8B68-6A1DA6917B65}.Debug|Any CPU.ActiveCfg = Debug|Any CPU
		{00985E11-F953-4B81-8B68-6A1DA6917B65}.Debug|Any CPU.Build.0 = Debug|Any CPU
		{00985E11-F953-4B81-8B68-6A1DA6917B65}.Release|Any CPU.ActiveCfg = Release|Any CPU
		{00985E11-F953-4B81-8B68-6A1DA6917B65}.Release|Any CPU.Build.0 = Release|Any CPU
	EndGlobalSection
	GlobalSection(SolutionProperties) = preSolution
		HideSolutionNode = FALSE
	EndGlobalSection
	GlobalSection(ExtensibilityGlobals) = postSolution
		SolutionGuid = {CDB37F9B-1864-4809-8D84-F75F0E780923}
	EndGlobalSection
EndGlobal
